
Microsoft Visual Studio Solution File, Format Version 12.00
# Visual Studio Version 16
VisualStudioVersion = 16.0.32413.511
MinimumVisualStudioVersion = 10.0.40219.1
Project("{8BC9CEB8-8B4A-11D0-8D11-00A0C91BC942}") = "ConsoleApplication1", "ConsoleApplication1\ConsoleApplication1.vcxproj", "{5BC5DD28-4ED7-4DF1-A850-E29FCADDC06E}"
EndProject
Global
	GlobalSection(SolutionConfigurationPlatforms) = preSolution
		Debug|x64 = Debug|x64
		Debug|x86 = Debug|x86
		Release|x64 = Release|x64
		Release|x86 = Release|x86
	EndGlobalSection
	GlobalSection(ProjectConfigurationPlatforms) = postSolution
		{5BC5DD28-4ED7-4DF1-A850-E29FCADDC06E}.Debug|x64.ActiveCfg = Debug|x64
		{5BC5DD28-4ED7-4DF1-A850-E29FCADDC06E}.Debug|x64.Build.0 = Debug|x64
		{5BC5DD28-4ED7-4DF1-A850-E29FCADDC06E}.Debug|x86.ActiveCfg = Debug|Win32
		{5BC5DD28-4ED7-4DF1-A850-E29FCADDC06E}.Debug|x86.Build.0 = Debug|Win32
		{5BC5DD28-4ED7-4DF1-A850-E29FCADDC06E}.Release|x64.ActiveCfg = Release|x64
		{5BC5DD28-4ED7-4DF1-A850-E29FCADDC06E}.Release|x64.Build.0 = Release|x64
		{5BC5DD28-4ED7-4DF1-A850-E29FCADDC06E}.Release|x86.ActiveCfg = Release|Win32
		{5BC5DD28-4ED7-4DF1-A850-E29FCADDC06E}.Release|x86.Build.0 = Release|Win32
	EndGlobalSection
	GlobalSection(SolutionProperties) = preSolution
		HideSolutionNode = FALSE
	EndGlobalSection
	GlobalSection(ExtensibilityGlobals) = postSolution
		SolutionGuid = {F9D560CC-55F5-4171-95F4-66963B57A1B3}
	EndGlobalSection
EndGlobal
